
Microsoft Visual Studio Solution File, Format Version 12.00
# Visual Studio Version 16
VisualStudioVersion = 16.0.28803.156
MinimumVisualStudioVersion = 10.0.40219.1
Project("{8BC9CEB8-8B4A-11D0-8D11-00A0C91BC942}") = "Cathedral_Assets_Optimizer", "Cathedral_Assets_Optimizer.vcxproj", "{10EE1147-C8F6-3CFC-B4F9-139699124E96}"
EndProject
Global
	GlobalSection(SolutionConfigurationPlatforms) = preSolution
		Debug|x64 = Debug|x64
		Release|x64 = Release|x64
	EndGlobalSection
	GlobalSection(ProjectConfigurationPlatforms) = postSolution
		{10EE1147-C8F6-3CFC-B4F9-139699124E96}.Debug|x64.ActiveCfg = Debug|x64
		{10EE1147-C8F6-3CFC-B4F9-139699124E96}.Debug|x64.Build.0 = Debug|x64
		{10EE1147-C8F6-3CFC-B4F9-139699124E96}.Release|x64.ActiveCfg = Release|x64
		{10EE1147-C8F6-3CFC-B4F9-139699124E96}.Release|x64.Build.0 = Release|x64
	EndGlobalSection
	GlobalSection(SolutionProperties) = preSolution
		HideSolutionNode = FALSE
	EndGlobalSection
	GlobalSection(ExtensibilityGlobals) = postSolution
		SolutionGuid = {6ED039BC-36B9-459F-A34A-D0151656B601}
	EndGlobalSection
EndGlobal
